{
	"name": "bunbao",
	"version": "0.0.1",
	"lockfileVersion": 3,
	"requires": true,
	"packages": {
		"": {
			"name": "bunbao",
			"version": "0.0.1",
			"dependencies": {
				"@types/react": "^18.2.15",
				"bun-types": "^0.6.14",
				"react": "^18.2.0",
				"react-dom": "^18.2.0"
			},
			"bin": {
				"bao": "bin/bao.mjs",
				"bao-site": "bin/site.mjs"
			},
			"devDependencies": {
				"bao": "file:",
				"bao_site": "file://./sites/bunbao.sh"
			},
			"peerDependencies": {
				"typescript": "^5.0.0"
			}
		},
		"node_modules/@types/prop-types": {
			"version": "15.7.5",
			"license": "MIT"
		},
		"node_modules/@types/react": {
			"version": "18.2.15",
			"license": "MIT",
			"dependencies": {
				"@types/prop-types": "*",
				"@types/scheduler": "*",
				"csstype": "^3.0.2"
			}
		},
		"node_modules/@types/scheduler": {
			"version": "0.16.3",
			"license": "MIT"
		},
		"node_modules/bao": {
			"resolved": "",
			"link": true
		},
		"node_modules/bao_site": {
			"resolved": "sites/bunbao.sh",
			"link": true
		},
		"node_modules/bun-types": {
			"version": "0.6.14",
			"resolved": "https://registry.npmjs.org/bun-types/-/bun-types-0.6.14.tgz",
			"integrity": "sha512-sRdvu+t59+H/TVOe7FSGFWYITbqkhiCx9NxVUHt2+JOXM9gUOe5uMPvVvcr/hGngnh+/yb5a7uPE4JaS6uxujg=="
		},
		"node_modules/csstype": {
			"version": "3.1.2",
			"license": "MIT"
		},
		"node_modules/js-tokens": {
			"version": "4.0.0",
			"license": "MIT"
		},
		"node_modules/loose-envify": {
			"version": "1.4.0",
			"license": "MIT",
			"dependencies": {
				"js-tokens": "^3.0.0 || ^4.0.0"
			},
			"bin": {
				"loose-envify": "cli.js"
			}
		},
		"node_modules/react": {
			"version": "18.2.0",
			"license": "MIT",
			"dependencies": {
				"loose-envify": "^1.1.0"
			},
			"engines": {
				"node": ">=0.10.0"
			}
		},
		"node_modules/react-dom": {
			"version": "18.2.0",
			"license": "MIT",
			"dependencies": {
				"loose-envify": "^1.1.0",
				"scheduler": "^0.23.0"
			},
			"peerDependencies": {
				"react": "^18.2.0"
			}
		},
		"node_modules/scheduler": {
			"version": "0.23.0",
			"license": "MIT",
			"dependencies": {
				"loose-envify": "^1.1.0"
			}
		},
		"node_modules/typescript": {
			"version": "5.1.6",
			"license": "Apache-2.0",
			"peer": true,
			"bin": {
				"tsc": "bin/tsc",
				"tsserver": "bin/tsserver"
			},
			"engines": {
				"node": ">=14.17"
			}
		},
		"sites/bunbao.sh": {
			"dev": true
		}
	}
}
